
Microsoft Visual Studio Solution File, Format Version 12.00
# Visual Studio 15
VisualStudioVersion = 15.0.28307.136
MinimumVisualStudioVersion = 10.0.40219.1
Project("{FAE04EC0-301F-11D3-BF4B-00C04F79EFBC}") = "Orm_BDD_test", "Orm_BDD_test\Orm_BDD_test.csproj", "{843CE519-6AA4-4B38-B2C3-640AD46744E3}"
EndProject
Project("{FAE04EC0-301F-11D3-BF4B-00C04F79EFBC}") = "Orm_basefirst", "Orm_basefirst\Orm_basefirst.csproj", "{F8831E60-4352-4A67-9988-AC269CBEA92D}"
EndProject
Global
	GlobalSection(SolutionConfigurationPlatforms) = preSolution
		Debug|Any CPU = Debug|Any CPU
		Release|Any CPU = Release|Any CPU
	EndGlobalSection
	GlobalSection(ProjectConfigurationPlatforms) = postSolution
		{843CE519-6AA4-4B38-B2C3-640AD46744E3}.Debug|Any CPU.ActiveCfg = Debug|Any CPU
		{843CE519-6AA4-4B38-B2C3-640AD46744E3}.Debug|Any CPU.Build.0 = Debug|Any CPU
		{843CE519-6AA4-4B38-B2C3-640AD46744E3}.Release|Any CPU.ActiveCfg = Release|Any CPU
		{843CE519-6AA4-4B38-B2C3-640AD46744E3}.Release|Any CPU.Build.0 = Release|Any CPU
		{F8831E60-4352-4A67-9988-AC269CBEA92D}.Debug|Any CPU.ActiveCfg = Debug|Any CPU
		{F8831E60-4352-4A67-9988-AC269CBEA92D}.Debug|Any CPU.Build.0 = Debug|Any CPU
		{F8831E60-4352-4A67-9988-AC269CBEA92D}.Release|Any CPU.ActiveCfg = Release|Any CPU
		{F8831E60-4352-4A67-9988-AC269CBEA92D}.Release|Any CPU.Build.0 = Release|Any CPU
	EndGlobalSection
	GlobalSection(SolutionProperties) = preSolution
		HideSolutionNode = FALSE
	EndGlobalSection
	GlobalSection(ExtensibilityGlobals) = postSolution
		SolutionGuid = {FF7291AA-BFCF-4CFA-B661-113520F0AF91}
	EndGlobalSection
EndGlobal
